
Microsoft Visual Studio Solution File, Format Version 12.00
# Visual Studio Version 17
VisualStudioVersion = 17.4.33110.190
MinimumVisualStudioVersion = 10.0.40219.1
Project("{9A19103F-16F7-4668-BE54-9A1E7A4F7556}") = "PoliSchool.Web", "PoliSchool.Web\PoliSchool.Web.csproj", "{4C9CDF22-B46C-4123-B6E2-291D905D0AFB}"
EndProject
Project("{FAE04EC0-301F-11D3-BF4B-00C04F79EFBC}") = "PoliSchool.DAL", "PoliSchool.DAL\PoliSchool.DAL.csproj", "{59BBF452-8CCF-4BF9-8FD9-90FE77E86082}"
EndProject
Project("{FAE04EC0-301F-11D3-BF4B-00C04F79EFBC}") = "PoliSchool.BL", "PoliSchool.BL\PoliSchool.BL.csproj", "{48C074B5-F207-417B-B0B4-EF0C3CBB9B1B}"
EndProject
Global
	GlobalSection(SolutionConfigurationPlatforms) = preSolution
		Debug|Any CPU = Debug|Any CPU
		Release|Any CPU = Release|Any CPU
	EndGlobalSection
	GlobalSection(ProjectConfigurationPlatforms) = postSolution
		{4C9CDF22-B46C-4123-B6E2-291D905D0AFB}.Debug|Any CPU.ActiveCfg = Debug|Any CPU
		{4C9CDF22-B46C-4123-B6E2-291D905D0AFB}.Debug|Any CPU.Build.0 = Debug|Any CPU
		{4C9CDF22-B46C-4123-B6E2-291D905D0AFB}.Release|Any CPU.ActiveCfg = Release|Any CPU
		{4C9CDF22-B46C-4123-B6E2-291D905D0AFB}.Release|Any CPU.Build.0 = Release|Any CPU
		{59BBF452-8CCF-4BF9-8FD9-90FE77E86082}.Debug|Any CPU.ActiveCfg = Debug|Any CPU
		{59BBF452-8CCF-4BF9-8FD9-90FE77E86082}.Debug|Any CPU.Build.0 = Debug|Any CPU
		{59BBF452-8CCF-4BF9-8FD9-90FE77E86082}.Release|Any CPU.ActiveCfg = Release|Any CPU
		{59BBF452-8CCF-4BF9-8FD9-90FE77E86082}.Release|Any CPU.Build.0 = Release|Any CPU
		{48C074B5-F207-417B-B0B4-EF0C3CBB9B1B}.Debug|Any CPU.ActiveCfg = Debug|Any CPU
		{48C074B5-F207-417B-B0B4-EF0C3CBB9B1B}.Debug|Any CPU.Build.0 = Debug|Any CPU
		{48C074B5-F207-417B-B0B4-EF0C3CBB9B1B}.Release|Any CPU.ActiveCfg = Release|Any CPU
		{48C074B5-F207-417B-B0B4-EF0C3CBB9B1B}.Release|Any CPU.Build.0 = Release|Any CPU
	EndGlobalSection
	GlobalSection(SolutionProperties) = preSolution
		HideSolutionNode = FALSE
	EndGlobalSection
	GlobalSection(ExtensibilityGlobals) = postSolution
		SolutionGuid = {9071F5F7-557D-436E-AA68-B6ED0BF40148}
	EndGlobalSection
EndGlobal
